
Microsoft Visual Studio Solution File, Format Version 12.00
# Visual Studio 2012
Project("{FAE04EC0-301F-11D3-BF4B-00C04F79EFBC}") = "ProjectPhanSo", "ProjectPhanSo\ProjectPhanSo.csproj", "{F3E39F7A-2512-4F11-838C-99C8580448F5}"
EndProject
Project("{FAE04EC0-301F-11D3-BF4B-00C04F79EFBC}") = "ProjectPhanSo.test", "ProjectPhanSo.test\ProjectPhanSo.test.csproj", "{576F9439-6CFD-4F58-BB82-0C157B1D21A7}"
EndProject
Project("{2150E333-8FDC-42A3-9474-1A3956D46DE8}") = ".nuget", ".nuget", "{455ED32E-5DE4-48B6-95CB-1FE512B1A2ED}"
	ProjectSection(SolutionItems) = preProject
		.nuget\NuGet.Config = .nuget\NuGet.Config
		.nuget\NuGet.exe = .nuget\NuGet.exe
		.nuget\NuGet.targets = .nuget\NuGet.targets
	EndProjectSection
EndProject
Global
	GlobalSection(SolutionConfigurationPlatforms) = preSolution
		Debug|Any CPU = Debug|Any CPU
		Release|Any CPU = Release|Any CPU
	EndGlobalSection
	GlobalSection(ProjectConfigurationPlatforms) = postSolution
		{F3E39F7A-2512-4F11-838C-99C8580448F5}.Debug|Any CPU.ActiveCfg = Debug|Any CPU
		{F3E39F7A-2512-4F11-838C-99C8580448F5}.Debug|Any CPU.Build.0 = Debug|Any CPU
		{F3E39F7A-2512-4F11-838C-99C8580448F5}.Release|Any CPU.ActiveCfg = Release|Any CPU
		{F3E39F7A-2512-4F11-838C-99C8580448F5}.Release|Any CPU.Build.0 = Release|Any CPU
		{576F9439-6CFD-4F58-BB82-0C157B1D21A7}.Debug|Any CPU.ActiveCfg = Debug|Any CPU
		{576F9439-6CFD-4F58-BB82-0C157B1D21A7}.Debug|Any CPU.Build.0 = Debug|Any CPU
		{576F9439-6CFD-4F58-BB82-0C157B1D21A7}.Release|Any CPU.ActiveCfg = Release|Any CPU
		{576F9439-6CFD-4F58-BB82-0C157B1D21A7}.Release|Any CPU.Build.0 = Release|Any CPU
	EndGlobalSection
	GlobalSection(SolutionProperties) = preSolution
		HideSolutionNode = FALSE
	EndGlobalSection
EndGlobal
